
Microsoft Visual Studio Solution File, Format Version 12.00
# Visual Studio Version 17
VisualStudioVersion = 17.9.34622.214
MinimumVisualStudioVersion = 10.0.40219.1
Project("{2150E333-8FDC-42A3-9474-1A3956D46DE8}") = "src", "src", "{8E5DC867-84B0-4311-BA82-0DEE287A987D}"
EndProject
Project("{2150E333-8FDC-42A3-9474-1A3956D46DE8}") = "EnterpriseBusinessRules", "EnterpriseBusinessRules", "{99D5F35C-727D-43A4-BFBD-FEB56164FD7A}"
EndProject
Project("{2150E333-8FDC-42A3-9474-1A3956D46DE8}") = "ApplicationBusinessRules", "ApplicationBusinessRules", "{4F4C89AC-3DA3-484A-B85C-105A14A7EAA6}"
EndProject
Project("{2150E333-8FDC-42A3-9474-1A3956D46DE8}") = "FrameworkAndDrivers", "FrameworkAndDrivers", "{A65279C7-B86D-4DCB-8681-EE7C44B21D3A}"
EndProject
Project("{2150E333-8FDC-42A3-9474-1A3956D46DE8}") = "InterfaceAdapters", "InterfaceAdapters", "{A14E484F-0F0D-4481-B09E-99E9E4DFBACB}"
EndProject
Project("{9A19103F-16F7-4668-BE54-9A1E7A4F7556}") = "InventoryManagement.Entities", "InventoryManagement.Entities\InventoryManagement.Entities.csproj", "{67667CC8-A63C-4F03-97AE-E5942BCEAE2A}"
EndProject
Project("{9A19103F-16F7-4668-BE54-9A1E7A4F7556}") = "InventoryManagement.Adstractions", "InventoryManagement.Adstractions\InventoryManagement.Adstractions.csproj", "{BC19E534-AE17-4005-9122-9A64CE7FD8DB}"
EndProject
Project("{9A19103F-16F7-4668-BE54-9A1E7A4F7556}") = "InventoryManagement.UseCases", "InventoryManagement.UseCases\InventoryManagement.UseCases.csproj", "{EAB41B22-81D1-4C6D-8C72-13D77BA92179}"
EndProject
Project("{2150E333-8FDC-42A3-9474-1A3956D46DE8}") = "Controllers", "Controllers", "{73E251AF-2CA3-44CF-9E26-69EA552FA98C}"
EndProject
Project("{2150E333-8FDC-42A3-9474-1A3956D46DE8}") = "Gateways", "Gateways", "{6DECAB4F-6053-4FC9-96AA-8FA5166E4AEE}"
EndProject
Project("{2150E333-8FDC-42A3-9474-1A3956D46DE8}") = "Presenters", "Presenters", "{5E26C384-7CA7-412C-981F-6566754E21D9}"
EndProject
Project("{2150E333-8FDC-42A3-9474-1A3956D46DE8}") = "ApiServices", "ApiServices", "{CEE79E11-B3A1-4A6D-A929-35C88CA1B209}"
EndProject
Project("{9A19103F-16F7-4668-BE54-9A1E7A4F7556}") = "InventoryManagement.Catalogs.Controller", "InventoryManagement.Catalogs.Controller\InventoryManagement.Catalogs.Controller.csproj", "{158671CF-AF0E-45BA-B3FF-9FC56CF837ED}"
EndProject
Project("{9A19103F-16F7-4668-BE54-9A1E7A4F7556}") = "InventoryManagement.Catalogs.Api", "InventoryManagement.Catalogs.Api\InventoryManagement.Catalogs.Api.csproj", "{C885F303-BAC9-4D00-915D-B359D05E3E0C}"
EndProject
Project("{9A19103F-16F7-4668-BE54-9A1E7A4F7556}") = "InventoryManagement.Repositories", "InventoryManagement.Repositories\InventoryManagement.Repositories.csproj", "{EFFCDB22-BE01-4BC4-9F0C-0EFCA4D23159}"
EndProject
Project("{9A19103F-16F7-4668-BE54-9A1E7A4F7556}") = "InventoryManagement.Dtos", "InventoryManagement.Dtos\InventoryManagement.Dtos.csproj", "{1C072AA3-2954-479F-8E42-4D1597AACAEB}"
EndProject
Project("{9A19103F-16F7-4668-BE54-9A1E7A4F7556}") = "InventoryManagement.Presenters", "InventoryManagement.Presenters\InventoryManagement.Presenters.csproj", "{4450A17B-1B7D-4D5B-9C3A-E6B56376078C}"
EndProject
Project("{9A19103F-16F7-4668-BE54-9A1E7A4F7556}") = "InventoryManagement.IoC", "InventoryManagement.IoC\InventoryManagement.IoC.csproj", "{721E4C76-4F9E-47DE-8A84-8BCA22187F33}"
EndProject
Project("{2150E333-8FDC-42A3-9474-1A3956D46DE8}") = "Shared", "Shared", "{0FFC12EC-317D-443D-9A8D-E587CE89FAF6}"
EndProject
Project("{FAE04EC0-301F-11D3-BF4B-00C04F79EFBC}") = "InventoryManagement.Shared.Milddlewares", "InventoryManagement.Shared.Milddlewares\InventoryManagement.Shared.Milddlewares.csproj", "{5A630851-7AAC-4DF5-8361-3501900CEC73}"
EndProject
Project("{FAE04EC0-301F-11D3-BF4B-00C04F79EFBC}") = "InventoryManagement.Shared.Utilities", "InventoryManagement.Shared.Utilities\InventoryManagement.Shared.Utilities.csproj", "{5D1C4760-29F2-47C2-82CF-88C4834E6165}"
EndProject
Global
	GlobalSection(SolutionConfigurationPlatforms) = preSolution
		Debug|Any CPU = Debug|Any CPU
		Release|Any CPU = Release|Any CPU
	EndGlobalSection
	GlobalSection(ProjectConfigurationPlatforms) = postSolution
		{67667CC8-A63C-4F03-97AE-E5942BCEAE2A}.Debug|Any CPU.ActiveCfg = Debug|Any CPU
		{67667CC8-A63C-4F03-97AE-E5942BCEAE2A}.Debug|Any CPU.Build.0 = Debug|Any CPU
		{67667CC8-A63C-4F03-97AE-E5942BCEAE2A}.Release|Any CPU.ActiveCfg = Release|Any CPU
		{67667CC8-A63C-4F03-97AE-E5942BCEAE2A}.Release|Any CPU.Build.0 = Release|Any CPU
		{BC19E534-AE17-4005-9122-9A64CE7FD8DB}.Debug|Any CPU.ActiveCfg = Debug|Any CPU
		{BC19E534-AE17-4005-9122-9A64CE7FD8DB}.Debug|Any CPU.Build.0 = Debug|Any CPU
		{BC19E534-AE17-4005-9122-9A64CE7FD8DB}.Release|Any CPU.ActiveCfg = Release|Any CPU
		{BC19E534-AE17-4005-9122-9A64CE7FD8DB}.Release|Any CPU.Build.0 = Release|Any CPU
		{EAB41B22-81D1-4C6D-8C72-13D77BA92179}.Debug|Any CPU.ActiveCfg = Debug|Any CPU
		{EAB41B22-81D1-4C6D-8C72-13D77BA92179}.Debug|Any CPU.Build.0 = Debug|Any CPU
		{EAB41B22-81D1-4C6D-8C72-13D77BA92179}.Release|Any CPU.ActiveCfg = Release|Any CPU
		{EAB41B22-81D1-4C6D-8C72-13D77BA92179}.Release|Any CPU.Build.0 = Release|Any CPU
		{158671CF-AF0E-45BA-B3FF-9FC56CF837ED}.Debug|Any CPU.ActiveCfg = Debug|Any CPU
		{158671CF-AF0E-45BA-B3FF-9FC56CF837ED}.Debug|Any CPU.Build.0 = Debug|Any CPU
		{158671CF-AF0E-45BA-B3FF-9FC56CF837ED}.Release|Any CPU.ActiveCfg = Release|Any CPU
		{158671CF-AF0E-45BA-B3FF-9FC56CF837ED}.Release|Any CPU.Build.0 = Release|Any CPU
		{C885F303-BAC9-4D00-915D-B359D05E3E0C}.Debug|Any CPU.ActiveCfg = Debug|Any CPU
		{C885F303-BAC9-4D00-915D-B359D05E3E0C}.Debug|Any CPU.Build.0 = Debug|Any CPU
		{C885F303-BAC9-4D00-915D-B359D05E3E0C}.Release|Any CPU.ActiveCfg = Release|Any CPU
		{C885F303-BAC9-4D00-915D-B359D05E3E0C}.Release|Any CPU.Build.0 = Release|Any CPU
		{EFFCDB22-BE01-4BC4-9F0C-0EFCA4D23159}.Debug|Any CPU.ActiveCfg = Debug|Any CPU
		{EFFCDB22-BE01-4BC4-9F0C-0EFCA4D23159}.Debug|Any CPU.Build.0 = Debug|Any CPU
		{EFFCDB22-BE01-4BC4-9F0C-0EFCA4D23159}.Release|Any CPU.ActiveCfg = Release|Any CPU
		{EFFCDB22-BE01-4BC4-9F0C-0EFCA4D23159}.Release|Any CPU.Build.0 = Release|Any CPU
		{1C072AA3-2954-479F-8E42-4D1597AACAEB}.Debug|Any CPU.ActiveCfg = Debug|Any CPU
		{1C072AA3-2954-479F-8E42-4D1597AACAEB}.Debug|Any CPU.Build.0 = Debug|Any CPU
		{1C072AA3-2954-479F-8E42-4D1597AACAEB}.Release|Any CPU.ActiveCfg = Release|Any CPU
		{1C072AA3-2954-479F-8E42-4D1597AACAEB}.Release|Any CPU.Build.0 = Release|Any CPU
		{4450A17B-1B7D-4D5B-9C3A-E6B56376078C}.Debug|Any CPU.ActiveCfg = Debug|Any CPU
		{4450A17B-1B7D-4D5B-9C3A-E6B56376078C}.Debug|Any CPU.Build.0 = Debug|Any CPU
		{4450A17B-1B7D-4D5B-9C3A-E6B56376078C}.Release|Any CPU.ActiveCfg = Release|Any CPU
		{4450A17B-1B7D-4D5B-9C3A-E6B56376078C}.Release|Any CPU.Build.0 = Release|Any CPU
		{721E4C76-4F9E-47DE-8A84-8BCA22187F33}.Debug|Any CPU.ActiveCfg = Debug|Any CPU
		{721E4C76-4F9E-47DE-8A84-8BCA22187F33}.Debug|Any CPU.Build.0 = Debug|Any CPU
		{721E4C76-4F9E-47DE-8A84-8BCA22187F33}.Release|Any CPU.ActiveCfg = Release|Any CPU
		{721E4C76-4F9E-47DE-8A84-8BCA22187F33}.Release|Any CPU.Build.0 = Release|Any CPU
		{5A630851-7AAC-4DF5-8361-3501900CEC73}.Debug|Any CPU.ActiveCfg = Debug|Any CPU
		{5A630851-7AAC-4DF5-8361-3501900CEC73}.Debug|Any CPU.Build.0 = Debug|Any CPU
		{5A630851-7AAC-4DF5-8361-3501900CEC73}.Release|Any CPU.ActiveCfg = Release|Any CPU
		{5A630851-7AAC-4DF5-8361-3501900CEC73}.Release|Any CPU.Build.0 = Release|Any CPU
		{5D1C4760-29F2-47C2-82CF-88C4834E6165}.Debug|Any CPU.ActiveCfg = Debug|Any CPU
		{5D1C4760-29F2-47C2-82CF-88C4834E6165}.Debug|Any CPU.Build.0 = Debug|Any CPU
		{5D1C4760-29F2-47C2-82CF-88C4834E6165}.Release|Any CPU.ActiveCfg = Release|Any CPU
		{5D1C4760-29F2-47C2-82CF-88C4834E6165}.Release|Any CPU.Build.0 = Release|Any CPU
	EndGlobalSection
	GlobalSection(SolutionProperties) = preSolution
		HideSolutionNode = FALSE
	EndGlobalSection
	GlobalSection(NestedProjects) = preSolution
		{99D5F35C-727D-43A4-BFBD-FEB56164FD7A} = {8E5DC867-84B0-4311-BA82-0DEE287A987D}
		{4F4C89AC-3DA3-484A-B85C-105A14A7EAA6} = {8E5DC867-84B0-4311-BA82-0DEE287A987D}
		{A65279C7-B86D-4DCB-8681-EE7C44B21D3A} = {8E5DC867-84B0-4311-BA82-0DEE287A987D}
		{A14E484F-0F0D-4481-B09E-99E9E4DFBACB} = {8E5DC867-84B0-4311-BA82-0DEE287A987D}
		{67667CC8-A63C-4F03-97AE-E5942BCEAE2A} = {99D5F35C-727D-43A4-BFBD-FEB56164FD7A}
		{BC19E534-AE17-4005-9122-9A64CE7FD8DB} = {4F4C89AC-3DA3-484A-B85C-105A14A7EAA6}
		{EAB41B22-81D1-4C6D-8C72-13D77BA92179} = {4F4C89AC-3DA3-484A-B85C-105A14A7EAA6}
		{73E251AF-2CA3-44CF-9E26-69EA552FA98C} = {A14E484F-0F0D-4481-B09E-99E9E4DFBACB}
		{6DECAB4F-6053-4FC9-96AA-8FA5166E4AEE} = {A14E484F-0F0D-4481-B09E-99E9E4DFBACB}
		{5E26C384-7CA7-412C-981F-6566754E21D9} = {A14E484F-0F0D-4481-B09E-99E9E4DFBACB}
		{CEE79E11-B3A1-4A6D-A929-35C88CA1B209} = {A65279C7-B86D-4DCB-8681-EE7C44B21D3A}
		{158671CF-AF0E-45BA-B3FF-9FC56CF837ED} = {73E251AF-2CA3-44CF-9E26-69EA552FA98C}
		{C885F303-BAC9-4D00-915D-B359D05E3E0C} = {CEE79E11-B3A1-4A6D-A929-35C88CA1B209}
		{EFFCDB22-BE01-4BC4-9F0C-0EFCA4D23159} = {6DECAB4F-6053-4FC9-96AA-8FA5166E4AEE}
		{1C072AA3-2954-479F-8E42-4D1597AACAEB} = {4F4C89AC-3DA3-484A-B85C-105A14A7EAA6}
		{4450A17B-1B7D-4D5B-9C3A-E6B56376078C} = {5E26C384-7CA7-412C-981F-6566754E21D9}
		{721E4C76-4F9E-47DE-8A84-8BCA22187F33} = {6DECAB4F-6053-4FC9-96AA-8FA5166E4AEE}
		{0FFC12EC-317D-443D-9A8D-E587CE89FAF6} = {A65279C7-B86D-4DCB-8681-EE7C44B21D3A}
		{5A630851-7AAC-4DF5-8361-3501900CEC73} = {0FFC12EC-317D-443D-9A8D-E587CE89FAF6}
		{5D1C4760-29F2-47C2-82CF-88C4834E6165} = {0FFC12EC-317D-443D-9A8D-E587CE89FAF6}
	EndGlobalSection
	GlobalSection(ExtensibilityGlobals) = postSolution
		SolutionGuid = {E3F725FB-5E2D-4C38-A940-B762F33E66BE}
	EndGlobalSection
EndGlobal
